// !$*UTF8*$!
{
	archiveVersion = 1;
	classes = {
	};
	objectVersion = 55;
	objects = {

/* Begin PBXBuildFile section */
		B523F9E9281623FB0095F4E0 /* AppDelegate.swift in Sources */ = {isa = PBXBuildFile; fileRef = B523F9E8281623FB0095F4E0 /* AppDelegate.swift */; };
		B523F9EB281623FB0095F4E0 /* SceneDelegate.swift in Sources */ = {isa = PBXBuildFile; fileRef = B523F9EA281623FB0095F4E0 /* SceneDelegate.swift */; };
		B523F9ED281623FB0095F4E0 /* TodoListViewController.swift in Sources */ = {isa = PBXBuildFile; fileRef = B523F9EC281623FB0095F4E0 /* TodoListViewController.swift */; };
		B523F9F0281623FB0095F4E0 /* Main.storyboard in Resources */ = {isa = PBXBuildFile; fileRef = B523F9EE281623FB0095F4E0 /* Main.storyboard */; };
		B523F9F2281623FE0095F4E0 /* Assets.xcassets in Resources */ = {isa = PBXBuildFile; fileRef = B523F9F1281623FE0095F4E0 /* Assets.xcassets */; };
		B523F9F5281623FE0095F4E0 /* LaunchScreen.storyboard in Resources */ = {isa = PBXBuildFile; fileRef = B523F9F3281623FE0095F4E0 /* LaunchScreen.storyboard */; };
		B523F9FD28166F8D0095F4E0 /* TodoItemStore.swift in Sources */ = {isa = PBXBuildFile; fileRef = B523F9FC28166F8D0095F4E0 /* TodoItemStore.swift */; };
		B5A4A82628248A6F0040997B /* TodoItem.swift in Sources */ = {isa = PBXBuildFile; fileRef = B5A4A82528248A6F0040997B /* TodoItem.swift */; };
		B5BCA448281F9A95009999C2 /* CalendarViewController.swift in Sources */ = {isa = PBXBuildFile; fileRef = B5BCA447281F9A95009999C2 /* CalendarViewController.swift */; };
		B5F577A3281B6590000AA14E /* TodoItems.xcdatamodeld in Sources */ = {isa = PBXBuildFile; fileRef = B5F577A1281B6590000AA14E /* TodoItems.xcdatamodeld */; };
		F0708FEBD2043224F3590350 /* Pods_TaskerApp.framework in Frameworks */ = {isa = PBXBuildFile; fileRef = F52F9933256CF0CD9FB97686 /* Pods_TaskerApp.framework */; };
/* End PBXBuildFile section */

/* Begin PBXFileReference section */
		2FC9926C9D37D0854EB572CA /* Pods-TaskerApp.debug.xcconfig */ = {isa = PBXFileReference; includeInIndex = 1; lastKnownFileType = text.xcconfig; name = "Pods-TaskerApp.debug.xcconfig"; path = "Target Support Files/Pods-TaskerApp/Pods-TaskerApp.debug.xcconfig"; sourceTree = "<group>"; };
		B523F9E5281623FB0095F4E0 /* TaskerApp.app */ = {isa = PBXFileReference; explicitFileType = wrapper.application; includeInIndex = 0; path = TaskerApp.app; sourceTree = BUILT_PRODUCTS_DIR; };
		B523F9E8281623FB0095F4E0 /* AppDelegate.swift */ = {isa = PBXFileReference; lastKnownFileType = sourcecode.swift; path = AppDelegate.swift; sourceTree = "<group>"; };
		B523F9EA281623FB0095F4E0 /* SceneDelegate.swift */ = {isa = PBXFileReference; lastKnownFileType = sourcecode.swift; path = SceneDelegate.swift; sourceTree = "<group>"; };
		B523F9EC281623FB0095F4E0 /* TodoListViewController.swift */ = {isa = PBXFileReference; lastKnownFileType = sourcecode.swift; path = TodoListViewController.swift; sourceTree = "<group>"; };
		B523F9EF281623FB0095F4E0 /* Base */ = {isa = PBXFileReference; lastKnownFileType = file.storyboard; name = Base; path = Base.lproj/Main.storyboard; sourceTree = "<group>"; };
		B523F9F1281623FE0095F4E0 /* Assets.xcassets */ = {isa = PBXFileReference; lastKnownFileType = folder.assetcatalog; path = Assets.xcassets; sourceTree = "<group>"; };
		B523F9F4281623FE0095F4E0 /* Base */ = {isa = PBXFileReference; lastKnownFileType = file.storyboard; name = Base; path = Base.lproj/LaunchScreen.storyboard; sourceTree = "<group>"; };
		B523F9F6281623FE0095F4E0 /* Info.plist */ = {isa = PBXFileReference; lastKnownFileType = text.plist.xml; path = Info.plist; sourceTree = "<group>"; };
		B523F9FC28166F8D0095F4E0 /* TodoItemStore.swift */ = {isa = PBXFileReference; lastKnownFileType = sourcecode.swift; path = TodoItemStore.swift; sourceTree = "<group>"; };
		B5A4A82528248A6F0040997B /* TodoItem.swift */ = {isa = PBXFileReference; lastKnownFileType = sourcecode.swift; path = TodoItem.swift; sourceTree = "<group>"; };
		B5BCA447281F9A95009999C2 /* CalendarViewController.swift */ = {isa = PBXFileReference; lastKnownFileType = sourcecode.swift; path = CalendarViewController.swift; sourceTree = "<group>"; };
		B5F577A2281B6590000AA14E /* TodoItems.xcdatamodel */ = {isa = PBXFileReference; lastKnownFileType = wrapper.xcdatamodel; path = TodoItems.xcdatamodel; sourceTree = "<group>"; };
		D7A18AA2AC8C7AA932BC3A9B /* Pods-TaskerApp.release.xcconfig */ = {isa = PBXFileReference; includeInIndex = 1; lastKnownFileType = text.xcconfig; name = "Pods-TaskerApp.release.xcconfig"; path = "Target Support Files/Pods-TaskerApp/Pods-TaskerApp.release.xcconfig"; sourceTree = "<group>"; };
		F52F9933256CF0CD9FB97686 /* Pods_TaskerApp.framework */ = {isa = PBXFileReference; explicitFileType = wrapper.framework; includeInIndex = 0; path = Pods_TaskerApp.framework; sourceTree = BUILT_PRODUCTS_DIR; };
/* End PBXFileReference section */

/* Begin PBXFrameworksBuildPhase section */
		B523F9E2281623FB0095F4E0 /* Frameworks */ = {
			isa = PBXFrameworksBuildPhase;
			buildActionMask = 2147483647;
			files = (
				F0708FEBD2043224F3590350 /* Pods_TaskerApp.framework in Frameworks */,
			);
			runOnlyForDeploymentPostprocessing = 0;
		};
/* End PBXFrameworksBuildPhase section */

/* Begin PBXGroup section */
		3F72782A3B4D05BA98CDA4A6 /* Pods */ = {
			isa = PBXGroup;
			children = (
				2FC9926C9D37D0854EB572CA /* Pods-TaskerApp.debug.xcconfig */,
				D7A18AA2AC8C7AA932BC3A9B /* Pods-TaskerApp.release.xcconfig */,
			);
			path = Pods;
			sourceTree = "<group>";
		};
		40664FA9F8EE09420375391B /* Frameworks */ = {
			isa = PBXGroup;
			children = (
				F52F9933256CF0CD9FB97686 /* Pods_TaskerApp.framework */,
			);
			name = Frameworks;
			sourceTree = "<group>";
		};
		B523F9DC281623FB0095F4E0 = {
			isa = PBXGroup;
			children = (
				B523F9E7281623FB0095F4E0 /* TaskerApp */,
				B523F9E6281623FB0095F4E0 /* Products */,
				3F72782A3B4D05BA98CDA4A6 /* Pods */,
				40664FA9F8EE09420375391B /* Frameworks */,
			);
			sourceTree = "<group>";
		};
		B523F9E6281623FB0095F4E0 /* Products */ = {
			isa = PBXGroup;
			children = (
				B523F9E5281623FB0095F4E0 /* TaskerApp.app */,
			);
			name = Products;
			sourceTree = "<group>";
		};
		B523F9E7281623FB0095F4E0 /* TaskerApp */ = {
			isa = PBXGroup;
			children = (
				B523F9E8281623FB0095F4E0 /* AppDelegate.swift */,
				B523F9EA281623FB0095F4E0 /* SceneDelegate.swift */,
				B523F9EC281623FB0095F4E0 /* TodoListViewController.swift */,
				B5BCA447281F9A95009999C2 /* CalendarViewController.swift */,
				B523F9EE281623FB0095F4E0 /* Main.storyboard */,
				B523F9F1281623FE0095F4E0 /* Assets.xcassets */,
				B523F9F3281623FE0095F4E0 /* LaunchScreen.storyboard */,
				B523F9F6281623FE0095F4E0 /* Info.plist */,
				B523F9FC28166F8D0095F4E0 /* TodoItemStore.swift */,
				B5F577A1281B6590000AA14E /* TodoItems.xcdatamodeld */,
				B5A4A82528248A6F0040997B /* TodoItem.swift */,
			);
			path = TaskerApp;
			sourceTree = "<group>";
		};
/* End PBXGroup section */

/* Begin PBXNativeTarget section */
		B523F9E4281623FB0095F4E0 /* TaskerApp */ = {
			isa = PBXNativeTarget;
			buildConfigurationList = B523F9F9281623FE0095F4E0 /* Build configuration list for PBXNativeTarget "TaskerApp" */;
			buildPhases = (
				E157E1C68B29B59F01F03E32 /* [CP] Check Pods Manifest.lock */,
				B523F9E1281623FB0095F4E0 /* Sources */,
				B523F9E2281623FB0095F4E0 /* Frameworks */,
				B523F9E3281623FB0095F4E0 /* Resources */,
				E3C81BCA16C1DD7A70C1EC5F /* [CP] Embed Pods Frameworks */,
			);
			buildRules = (
			);
			dependencies = (
			);
			name = TaskerApp;
			productName = TaskerApp;
			productReference = B523F9E5281623FB0095F4E0 /* TaskerApp.app */;
			productType = "com.apple.product-type.application";
		};
/* End PBXNativeTarget section */

/* Begin PBXProject section */
		B523F9DD281623FB0095F4E0 /* Project object */ = {
			isa = PBXProject;
			attributes = {
				BuildIndependentTargetsInParallel = 1;
				LastSwiftUpdateCheck = 1330;
				LastUpgradeCheck = 1330;
				TargetAttributes = {
					B523F9E4281623FB0095F4E0 = {
						CreatedOnToolsVersion = 13.3.1;
					};
				};
			};
			buildConfigurationList = B523F9E0281623FB0095F4E0 /* Build configuration list for PBXProject "TaskerApp" */;
			compatibilityVersion = "Xcode 13.0";
			developmentRegion = en;
			hasScannedForEncodings = 0;
			knownRegions = (
				en,
				Base,
			);
			mainGroup = B523F9DC281623FB0095F4E0;
			productRefGroup = B523F9E6281623FB0095F4E0 /* Products */;
			projectDirPath = "";
			projectRoot = "";
			targets = (
				B523F9E4281623FB0095F4E0 /* TaskerApp */,
			);
		};
/* End PBXProject section */

/* Begin PBXResourcesBuildPhase section */
		B523F9E3281623FB0095F4E0 /* Resources */ = {
			isa = PBXResourcesBuildPhase;
			buildActionMask = 2147483647;
			files = (
				B523F9F5281623FE0095F4E0 /* LaunchScreen.storyboard in Resources */,
				B523F9F2281623FE0095F4E0 /* Assets.xcassets in Resources */,
				B523F9F0281623FB0095F4E0 /* Main.storyboard in Resources */,
			);
			runOnlyForDeploymentPostprocessing = 0;
		};
/* End PBXResourcesBuildPhase section */

/* Begin PBXShellScriptBuildPhase section */
		E157E1C68B29B59F01F03E32 /* [CP] Check Pods Manifest.lock */ = {
			isa = PBXShellScriptBuildPhase;
			buildActionMask = 2147483647;
			files = (
			);
			inputFileListPaths = (
			);
			inputPaths = (
				"${PODS_PODFILE_DIR_PATH}/Podfile.lock",
				"${PODS_ROOT}/Manifest.lock",
			);
			name = "[CP] Check Pods Manifest.lock";
			outputFileListPaths = (
			);
			outputPaths = (
				"$(DERIVED_FILE_DIR)/Pods-TaskerApp-checkManifestLockResult.txt",
			);
			runOnlyForDeploymentPostprocessing = 0;
			shellPath = /bin/sh;
			shellScript = "diff \"${PODS_PODFILE_DIR_PATH}/Podfile.lock\" \"${PODS_ROOT}/Manifest.lock\" > /dev/null\nif [ $? != 0 ] ; then\n    # print error to STDERR\n    echo \"error: The sandbox is not in sync with the Podfile.lock. Run 'pod install' or update your CocoaPods installation.\" >&2\n    exit 1\nfi\n# This output is used by Xcode 'outputs' to avoid re-running this script phase.\necho \"SUCCESS\" > \"${SCRIPT_OUTPUT_FILE_0}\"\n";
			showEnvVarsInLog = 0;
		};
		E3C81BCA16C1DD7A70C1EC5F /* [CP] Embed Pods Frameworks */ = {
			isa = PBXShellScriptBuildPhase;
			buildActionMask = 2147483647;
			files = (
			);
			inputFileListPaths = (
				"${PODS_ROOT}/Target Support Files/Pods-TaskerApp/Pods-TaskerApp-frameworks-${CONFIGURATION}-input-files.xcfilelist",
			);
			name = "[CP] Embed Pods Frameworks";
			outputFileListPaths = (
				"${PODS_ROOT}/Target Support Files/Pods-TaskerApp/Pods-TaskerApp-frameworks-${CONFIGURATION}-output-files.xcfilelist",
			);
			runOnlyForDeploymentPostprocessing = 0;
			shellPath = /bin/sh;
			shellScript = "\"${PODS_ROOT}/Target Support Files/Pods-TaskerApp/Pods-TaskerApp-frameworks.sh\"\n";
			showEnvVarsInLog = 0;
		};
/* End PBXShellScriptBuildPhase section */

/* Begin PBXSourcesBuildPhase section */
		B523F9E1281623FB0095F4E0 /* Sources */ = {
			isa = PBXSourcesBuildPhase;
			buildActionMask = 2147483647;
			files = (
				B5A4A82628248A6F0040997B /* TodoItem.swift in Sources */,
				B5BCA448281F9A95009999C2 /* CalendarViewController.swift in Sources */,
				B523F9FD28166F8D0095F4E0 /* TodoItemStore.swift in Sources */,
				B523F9ED281623FB0095F4E0 /* TodoListViewController.swift in Sources */,
				B5F577A3281B6590000AA14E /* TodoItems.xcdatamodeld in Sources */,
				B523F9E9281623FB0095F4E0 /* AppDelegate.swift in Sources */,
				B523F9EB281623FB0095F4E0 /* SceneDelegate.swift in Sources */,
			);
			runOnlyForDeploymentPostprocessing = 0;
		};
/* End PBXSourcesBuildPhase section */

/* Begin PBXVariantGroup section */
		B523F9EE281623FB0095F4E0 /* Main.storyboard */ = {
			isa = PBXVariantGroup;
			children = (
				B523F9EF281623FB0095F4E0 /* Base */,
			);
			name = Main.storyboard;
			sourceTree = "<group>";
		};
		B523F9F3281623FE0095F4E0 /* LaunchScreen.storyboard */ = {
			isa = PBXVariantGroup;
			children = (
				B523F9F4281623FE0095F4E0 /* Base */,
			);
			name = LaunchScreen.storyboard;
			sourceTree = "<group>";
		};
/* End PBXVariantGroup section */

/* Begin XCBuildConfiguration section */
		B523F9F7281623FE0095F4E0 /* Debug */ = {
			isa = XCBuildConfiguration;
			buildSettings = {
				ALWAYS_SEARCH_USER_PATHS = NO;
				CLANG_ANALYZER_NONNULL = YES;
				CLANG_ANALYZER_NUMBER_OBJECT_CONVERSION = YES_AGGRESSIVE;
				CLANG_CXX_LANGUAGE_STANDARD = "gnu++17";
				CLANG_ENABLE_MODULES = YES;
				CLANG_ENABLE_OBJC_ARC = YES;
				CLANG_ENABLE_OBJC_WEAK = YES;
				CLANG_WARN_BLOCK_CAPTURE_AUTORELEASING = YES;
				CLANG_WARN_BOOL_CONVERSION = YES;
				CLANG_WARN_COMMA = YES;
				CLANG_WARN_CONSTANT_CONVERSION = YES;
				CLANG_WARN_DEPRECATED_OBJC_IMPLEMENTATIONS = YES;
				CLANG_WARN_DIRECT_OBJC_ISA_USAGE = YES_ERROR;
				CLANG_WARN_DOCUMENTATION_COMMENTS = YES;
				CLANG_WARN_EMPTY_BODY = YES;
				CLANG_WARN_ENUM_CONVERSION = YES;
				CLANG_WARN_INFINITE_RECURSION = YES;
				CLANG_WARN_INT_CONVERSION = YES;
				CLANG_WARN_NON_LITERAL_NULL_CONVERSION = YES;
				CLANG_WARN_OBJC_IMPLICIT_RETAIN_SELF = YES;
				CLANG_WARN_OBJC_LITERAL_CONVERSION = YES;
				CLANG_WARN_OBJC_ROOT_CLASS = YES_ERROR;
				CLANG_WARN_QUOTED_INCLUDE_IN_FRAMEWORK_HEADER = YES;
				CLANG_WARN_RANGE_LOOP_ANALYSIS = YES;
				CLANG_WARN_STRICT_PROTOTYPES = YES;
				CLANG_WARN_SUSPICIOUS_MOVE = YES;
				CLANG_WARN_UNGUARDED_AVAILABILITY = YES_AGGRESSIVE;
				CLANG_WARN_UNREACHABLE_CODE = YES;
				CLANG_WARN__DUPLICATE_METHOD_MATCH = YES;
				COPY_PHASE_STRIP = NO;
				DEBUG_INFORMATION_FORMAT = dwarf;
				ENABLE_STRICT_OBJC_MSGSEND = YES;
				ENABLE_TESTABILITY = YES;
				GCC_C_LANGUAGE_STANDARD = gnu11;
				GCC_DYNAMIC_NO_PIC = NO;
				GCC_NO_COMMON_BLOCKS = YES;
				GCC_OPTIMIZATION_LEVEL = 0;
				GCC_PREPROCESSOR_DEFINITIONS = (
					"DEBUG=1",
					"$(inherited)",
				);
				GCC_WARN_64_TO_32_BIT_CONVERSION = YES;
				GCC_WARN_ABOUT_RETURN_TYPE = YES_ERROR;
				GCC_WARN_UNDECLARED_SELECTOR = YES;
				GCC_WARN_UNINITIALIZED_AUTOS = YES_AGGRESSIVE;
				GCC_WARN_UNUSED_FUNCTION = YES;
				GCC_WARN_UNUSED_VARIABLE = YES;
				IPHONEOS_DEPLOYMENT_TARGET = 15.4;
				MTL_ENABLE_DEBUG_INFO = INCLUDE_SOURCE;
				MTL_FAST_MATH = YES;
				ONLY_ACTIVE_ARCH = YES;
				SDKROOT = iphoneos;
				SWIFT_ACTIVE_COMPILATION_CONDITIONS = DEBUG;
				SWIFT_OPTIMIZATION_LEVEL = "-Onone";
			};
			name = Debug;
		};
		B523F9F8281623FE0095F4E0 /* Release */ = {
			isa = XCBuildConfiguration;
			buildSettings = {
				ALWAYS_SEARCH_USER_PATHS = NO;
				CLANG_ANALYZER_NONNULL = YES;
				CLANG_ANALYZER_NUMBER_OBJECT_CONVERSION = YES_AGGRESSIVE;
				CLANG_CXX_LANGUAGE_STANDARD = "gnu++17";
				CLANG_ENABLE_MODULES = YES;
				CLANG_ENABLE_OBJC_ARC = YES;
				CLANG_ENABLE_OBJC_WEAK = YES;
				CLANG_WARN_BLOCK_CAPTURE_AUTORELEASING = YES;
				CLANG_WARN_BOOL_CONVERSION = YES;
				CLANG_WARN_COMMA = YES;
				CLANG_WARN_CONSTANT_CONVERSION = YES;
				CLANG_WARN_DEPRECATED_OBJC_IMPLEMENTATIONS = YES;
				CLANG_WARN_DIRECT_OBJC_ISA_USAGE = YES_ERROR;
				CLANG_WARN_DOCUMENTATION_COMMENTS = YES;
				CLANG_WARN_EMPTY_BODY = YES;
				CLANG_WARN_ENUM_CONVERSION = YES;
				CLANG_WARN_INFINITE_RECURSION = YES;
				CLANG_WARN_INT_CONVERSION = YES;
				CLANG_WARN_NON_LITERAL_NULL_CONVERSION = YES;
				CLANG_WARN_OBJC_IMPLICIT_RETAIN_SELF = YES;
				CLANG_WARN_OBJC_LITERAL_CONVERSION = YES;
				CLANG_WARN_OBJC_ROOT_CLASS = YES_ERROR;
				CLANG_WARN_QUOTED_INCLUDE_IN_FRAMEWORK_HEADER = YES;
				CLANG_WARN_RANGE_LOOP_ANALYSIS = YES;
				CLANG_WARN_STRICT_PROTOTYPES = YES;
				CLANG_WARN_SUSPICIOUS_MOVE = YES;
				CLANG_WARN_UNGUARDED_AVAILABILITY = YES_AGGRESSIVE;
				CLANG_WARN_UNREACHABLE_CODE = YES;
				CLANG_WARN__DUPLICATE_METHOD_MATCH = YES;
				COPY_PHASE_STRIP = NO;
				DEBUG_INFORMATION_FORMAT = "dwarf-with-dsym";
				ENABLE_NS_ASSERTIONS = NO;
				ENABLE_STRICT_OBJC_MSGSEND = YES;
				GCC_C_LANGUAGE_STANDARD = gnu11;
				GCC_NO_COMMON_BLOCKS = YES;
				GCC_WARN_64_TO_32_BIT_CONVERSION = YES;
				GCC_WARN_ABOUT_RETURN_TYPE = YES_ERROR;
				GCC_WARN_UNDECLARED_SELECTOR = YES;
				GCC_WARN_UNINITIALIZED_AUTOS = YES_AGGRESSIVE;
				GCC_WARN_UNUSED_FUNCTION = YES;
				GCC_WARN_UNUSED_VARIABLE = YES;
				IPHONEOS_DEPLOYMENT_TARGET = 15.4;
				MTL_ENABLE_DEBUG_INFO = NO;
				MTL_FAST_MATH = YES;
				SDKROOT = iphoneos;
				SWIFT_COMPILATION_MODE = wholemodule;
				SWIFT_OPTIMIZATION_LEVEL = "-O";
				VALIDATE_PRODUCT = YES;
			};
			name = Release;
		};
		B523F9FA281623FE0095F4E0 /* Debug */ = {
			isa = XCBuildConfiguration;
			baseConfigurationReference = 2FC9926C9D37D0854EB572CA /* Pods-TaskerApp.debug.xcconfig */;
			buildSettings = {
				ASSETCATALOG_COMPILER_APPICON_NAME = AppIcon;
				ASSETCATALOG_COMPILER_GLOBAL_ACCENT_COLOR_NAME = AccentColor;
				CODE_SIGN_STYLE = Automatic;
				CURRENT_PROJECT_VERSION = 1;
				GENERATE_INFOPLIST_FILE = YES;
				INFOPLIST_FILE = TaskerApp/Info.plist;
				INFOPLIST_KEY_UIApplicationSupportsIndirectInputEvents = YES;
				INFOPLIST_KEY_UILaunchStoryboardName = LaunchScreen;
				INFOPLIST_KEY_UIMainStoryboardFile = Main;
				INFOPLIST_KEY_UISupportedInterfaceOrientations_iPad = "UIInterfaceOrientationPortrait UIInterfaceOrientationPortraitUpsideDown UIInterfaceOrientationLandscapeLeft UIInterfaceOrientationLandscapeRight";
				INFOPLIST_KEY_UISupportedInterfaceOrientations_iPhone = "UIInterfaceOrientationPortrait UIInterfaceOrientationLandscapeLeft UIInterfaceOrientationLandscapeRight";
				LD_RUNPATH_SEARCH_PATHS = (
					"$(inherited)",
					"@executable_path/Frameworks",
				);
				MARKETING_VERSION = 1.0;
				PRODUCT_BUNDLE_IDENTIFIER = Mike.TaskerApp;
				PRODUCT_NAME = "$(TARGET_NAME)";
				SWIFT_EMIT_LOC_STRINGS = YES;
				SWIFT_VERSION = 5.0;
				TARGETED_DEVICE_FAMILY = "1,2";
			};
			name = Debug;
		};
		B523F9FB281623FE0095F4E0 /* Release */ = {
			isa = XCBuildConfiguration;
			baseConfigurationReference = D7A18AA2AC8C7AA932BC3A9B /* Pods-TaskerApp.release.xcconfig */;
			buildSettings = {
				ASSETCATALOG_COMPILER_APPICON_NAME = AppIcon;
				ASSETCATALOG_COMPILER_GLOBAL_ACCENT_COLOR_NAME = AccentColor;
				CODE_SIGN_STYLE = Automatic;
				CURRENT_PROJECT_VERSION = 1;
				GENERATE_INFOPLIST_FILE = YES;
				INFOPLIST_FILE = TaskerApp/Info.plist;
				INFOPLIST_KEY_UIApplicationSupportsIndirectInputEvents = YES;
				INFOPLIST_KEY_UILaunchStoryboardName = LaunchScreen;
				INFOPLIST_KEY_UIMainStoryboardFile = Main;
				INFOPLIST_KEY_UISupportedInterfaceOrientations_iPad = "UIInterfaceOrientationPortrait UIInterfaceOrientationPortraitUpsideDown UIInterfaceOrientationLandscapeLeft UIInterfaceOrientationLandscapeRight";
				INFOPLIST_KEY_UISupportedInterfaceOrientations_iPhone = "UIInterfaceOrientationPortrait UIInterfaceOrientationLandscapeLeft UIInterfaceOrientationLandscapeRight";
				LD_RUNPATH_SEARCH_PATHS = (
					"$(inherited)",
					"@executable_path/Frameworks",
				);
				MARKETING_VERSION = 1.0;
				PRODUCT_BUNDLE_IDENTIFIER = Mike.TaskerApp;
				PRODUCT_NAME = "$(TARGET_NAME)";
				SWIFT_EMIT_LOC_STRINGS = YES;
				SWIFT_VERSION = 5.0;
				TARGETED_DEVICE_FAMILY = "1,2";
			};
			name = Release;
		};
/* End XCBuildConfiguration section */

/* Begin XCConfigurationList section */
		B523F9E0281623FB0095F4E0 /* Build configuration list for PBXProject "TaskerApp" */ = {
			isa = XCConfigurationList;
			buildConfigurations = (
				B523F9F7281623FE0095F4E0 /* Debug */,
				B523F9F8281623FE0095F4E0 /* Release */,
			);
			defaultConfigurationIsVisible = 0;
			defaultConfigurationName = Release;
		};
		B523F9F9281623FE0095F4E0 /* Build configuration list for PBXNativeTarget "TaskerApp" */ = {
			isa = XCConfigurationList;
			buildConfigurations = (
				B523F9FA281623FE0095F4E0 /* Debug */,
				B523F9FB281623FE0095F4E0 /* Release */,
			);
			defaultConfigurationIsVisible = 0;
			defaultConfigurationName = Release;
		};
/* End XCConfigurationList section */

/* Begin XCVersionGroup section */
		B5F577A1281B6590000AA14E /* TodoItems.xcdatamodeld */ = {
			isa = XCVersionGroup;
			children = (
				B5F577A2281B6590000AA14E /* TodoItems.xcdatamodel */,
			);
			currentVersion = B5F577A2281B6590000AA14E /* TodoItems.xcdatamodel */;
			path = TodoItems.xcdatamodeld;
			sourceTree = "<group>";
			versionGroupType = wrapper.xcdatamodel;
		};
/* End XCVersionGroup section */
	};
	rootObject = B523F9DD281623FB0095F4E0 /* Project object */;
}
